
Microsoft Visual Studio Solution File, Format Version 12.00
# Visual Studio Version 17
VisualStudioVersion = 17.4.33103.184
MinimumVisualStudioVersion = 10.0.40219.1
Project("{F184B08F-C81C-45F6-A57F-5ABD9991F28F}") = "Rubiks V2", "Rubiks V2\Rubiks V2.vbproj", "{D95AE99D-7D42-49CF-A55E-6C6A0099BCEB}"
EndProject
Global
	GlobalSection(SolutionConfigurationPlatforms) = preSolution
		Debug|Any CPU = Debug|Any CPU
		Release|Any CPU = Release|Any CPU
	EndGlobalSection
	GlobalSection(ProjectConfigurationPlatforms) = postSolution
		{D95AE99D-7D42-49CF-A55E-6C6A0099BCEB}.Debug|Any CPU.ActiveCfg = Debug|Any CPU
		{D95AE99D-7D42-49CF-A55E-6C6A0099BCEB}.Debug|Any CPU.Build.0 = Debug|Any CPU
		{D95AE99D-7D42-49CF-A55E-6C6A0099BCEB}.Release|Any CPU.ActiveCfg = Release|Any CPU
		{D95AE99D-7D42-49CF-A55E-6C6A0099BCEB}.Release|Any CPU.Build.0 = Release|Any CPU
	EndGlobalSection
	GlobalSection(SolutionProperties) = preSolution
		HideSolutionNode = FALSE
	EndGlobalSection
	GlobalSection(ExtensibilityGlobals) = postSolution
		SolutionGuid = {3C2B0024-4BFC-4196-A5B6-8E26F8CB000E}
	EndGlobalSection
EndGlobal
